
Microsoft Visual Studio Solution File, Format Version 12.00
# Visual Studio 14
VisualStudioVersion = 14.0.23107.0
MinimumVisualStudioVersion = 10.0.40219.1
Project("{FAE04EC0-301F-11D3-BF4B-00C04F79EFBC}") = "MyClasses.Domain", "MyClasses\MyClasses.Domain.csproj", "{043F9617-0691-4DBD-B982-0B29AF2ECB2E}"
EndProject
Project("{FAE04EC0-301F-11D3-BF4B-00C04F79EFBC}") = "MyTests", "MyTests\MyTests.csproj", "{4A655EA7-8C3A-4135-AD55-F99282C6463C}"
EndProject
Global
	GlobalSection(SolutionConfigurationPlatforms) = preSolution
		Debug|Any CPU = Debug|Any CPU
		Release|Any CPU = Release|Any CPU
	EndGlobalSection
	GlobalSection(ProjectConfigurationPlatforms) = postSolution
		{043F9617-0691-4DBD-B982-0B29AF2ECB2E}.Debug|Any CPU.ActiveCfg = Debug|Any CPU
		{043F9617-0691-4DBD-B982-0B29AF2ECB2E}.Debug|Any CPU.Build.0 = Debug|Any CPU
		{043F9617-0691-4DBD-B982-0B29AF2ECB2E}.Release|Any CPU.ActiveCfg = Release|Any CPU
		{043F9617-0691-4DBD-B982-0B29AF2ECB2E}.Release|Any CPU.Build.0 = Release|Any CPU
		{4A655EA7-8C3A-4135-AD55-F99282C6463C}.Debug|Any CPU.ActiveCfg = Debug|Any CPU
		{4A655EA7-8C3A-4135-AD55-F99282C6463C}.Debug|Any CPU.Build.0 = Debug|Any CPU
		{4A655EA7-8C3A-4135-AD55-F99282C6463C}.Release|Any CPU.ActiveCfg = Release|Any CPU
		{4A655EA7-8C3A-4135-AD55-F99282C6463C}.Release|Any CPU.Build.0 = Release|Any CPU
	EndGlobalSection
	GlobalSection(SolutionProperties) = preSolution
		HideSolutionNode = FALSE
	EndGlobalSection
EndGlobal
